// !$*UTF8*$!
{
	archiveVersion = 1;
	classes = {
	};
	objectVersion = 46;
	objects = {

/* Begin PBXBuildFile section */
		4F011D6316983A9D00A92D97 /* Grid.cpp in Sources */ = {isa = PBXBuildFile; fileRef = 4F011D6216983A9D00A92D97 /* Grid.cpp */; };
		4F011D6616983FB000A92D97 /* TripleHolder.cpp in Sources */ = {isa = PBXBuildFile; fileRef = 4F011D6516983FB000A92D97 /* TripleHolder.cpp */; };
		4F011D6916985AA400A92D97 /* RowHolder.cpp in Sources */ = {isa = PBXBuildFile; fileRef = 4F011D6816985AA400A92D97 /* RowHolder.cpp */; };
		4F011D6C16985BA200A92D97 /* ColumnHolder.cpp in Sources */ = {isa = PBXBuildFile; fileRef = 4F011D6B16985BA200A92D97 /* ColumnHolder.cpp */; };
		4F011D6F16985EFB00A92D97 /* RegionHolder.cpp in Sources */ = {isa = PBXBuildFile; fileRef = 4F011D6E16985EFB00A92D97 /* RegionHolder.cpp */; };
		4F1625A4169F532C00776803 /* LastCellFinder.cpp in Sources */ = {isa = PBXBuildFile; fileRef = 4F1625A3169F532C00776803 /* LastCellFinder.cpp */; };
		4F32454F16AF0259001BDA23 /* OnlyOneChoiceInColumnVisitor.cpp in Sources */ = {isa = PBXBuildFile; fileRef = 4F32454E16AF0259001BDA23 /* OnlyOneChoiceInColumnVisitor.cpp */; };
		4F5AA1D61696E82200DC0F1C /* main.cpp in Sources */ = {isa = PBXBuildFile; fileRef = 4F5AA1D51696E82200DC0F1C /* main.cpp */; };
		4F5AA1D81696E82200DC0F1C /* Sudoku.1 in CopyFiles */ = {isa = PBXBuildFile; fileRef = 4F5AA1D71696E82200DC0F1C /* Sudoku.1 */; };
		4F5AA1E01696E9DB00DC0F1C /* Cell.cpp in Sources */ = {isa = PBXBuildFile; fileRef = 4F5AA1DF1696E9DB00DC0F1C /* Cell.cpp */; };
		4F5AA1E3169733CB00DC0F1C /* Region.cpp in Sources */ = {isa = PBXBuildFile; fileRef = 4F5AA1E2169733CB00DC0F1C /* Region.cpp */; };
		4F7ECB7416A5907F0009A0EC /* OnlyOneChoiceInRowVisitor.cpp in Sources */ = {isa = PBXBuildFile; fileRef = 4F7ECB7316A5907F0009A0EC /* OnlyOneChoiceInRowVisitor.cpp */; };
/* End PBXBuildFile section */

/* Begin PBXCopyFilesBuildPhase section */
		4F5AA1CF1696E82200DC0F1C /* CopyFiles */ = {
			isa = PBXCopyFilesBuildPhase;
			buildActionMask = 2147483647;
			dstPath = /usr/share/man/man1/;
			dstSubfolderSpec = 0;
			files = (
				4F5AA1D81696E82200DC0F1C /* Sudoku.1 in CopyFiles */,
			);
			runOnlyForDeploymentPostprocessing = 1;
		};
/* End PBXCopyFilesBuildPhase section */

/* Begin PBXFileReference section */
		4F011D60169839E200A92D97 /* Grid.h */ = {isa = PBXFileReference; fileEncoding = 4; lastKnownFileType = sourcecode.c.h; path = Grid.h; sourceTree = "<group>"; };
		4F011D6216983A9D00A92D97 /* Grid.cpp */ = {isa = PBXFileReference; fileEncoding = 4; lastKnownFileType = sourcecode.cpp.cpp; path = Grid.cpp; sourceTree = "<group>"; };
		4F011D6416983E8800A92D97 /* TripleHolder.h */ = {isa = PBXFileReference; fileEncoding = 4; lastKnownFileType = sourcecode.c.h; path = TripleHolder.h; sourceTree = "<group>"; };
		4F011D6516983FB000A92D97 /* TripleHolder.cpp */ = {isa = PBXFileReference; fileEncoding = 4; lastKnownFileType = sourcecode.cpp.cpp; path = TripleHolder.cpp; sourceTree = "<group>"; };
		4F011D6716985A3D00A92D97 /* RowHolder.h */ = {isa = PBXFileReference; fileEncoding = 4; lastKnownFileType = sourcecode.c.h; path = RowHolder.h; sourceTree = "<group>"; };
		4F011D6816985AA400A92D97 /* RowHolder.cpp */ = {isa = PBXFileReference; fileEncoding = 4; lastKnownFileType = sourcecode.cpp.cpp; path = RowHolder.cpp; sourceTree = "<group>"; };
		4F011D6A16985B1B00A92D97 /* ColumnHolder.h */ = {isa = PBXFileReference; fileEncoding = 4; lastKnownFileType = sourcecode.c.h; path = ColumnHolder.h; sourceTree = "<group>"; };
		4F011D6B16985BA200A92D97 /* ColumnHolder.cpp */ = {isa = PBXFileReference; fileEncoding = 4; lastKnownFileType = sourcecode.cpp.cpp; path = ColumnHolder.cpp; sourceTree = "<group>"; };
		4F011D6D16985E7300A92D97 /* RegionHolder.h */ = {isa = PBXFileReference; fileEncoding = 4; lastKnownFileType = sourcecode.c.h; path = RegionHolder.h; sourceTree = "<group>"; };
		4F011D6E16985EFB00A92D97 /* RegionHolder.cpp */ = {isa = PBXFileReference; fileEncoding = 4; lastKnownFileType = sourcecode.cpp.cpp; path = RegionHolder.cpp; sourceTree = "<group>"; };
		4F1625A1169F52B500776803 /* LastCellFinder.h */ = {isa = PBXFileReference; fileEncoding = 4; lastKnownFileType = sourcecode.c.h; path = LastCellFinder.h; sourceTree = "<group>"; };
		4F1625A3169F532C00776803 /* LastCellFinder.cpp */ = {isa = PBXFileReference; fileEncoding = 4; lastKnownFileType = sourcecode.cpp.cpp; path = LastCellFinder.cpp; sourceTree = "<group>"; };
		4F32454C16AF01AF001BDA23 /* OnlyOneChoiceInColumnVisitor.h */ = {isa = PBXFileReference; fileEncoding = 4; lastKnownFileType = sourcecode.c.h; path = OnlyOneChoiceInColumnVisitor.h; sourceTree = "<group>"; };
		4F32454E16AF0259001BDA23 /* OnlyOneChoiceInColumnVisitor.cpp */ = {isa = PBXFileReference; fileEncoding = 4; lastKnownFileType = sourcecode.cpp.cpp; path = OnlyOneChoiceInColumnVisitor.cpp; sourceTree = "<group>"; };
		4F5AA1D11696E82200DC0F1C /* Sudoku */ = {isa = PBXFileReference; explicitFileType = "compiled.mach-o.executable"; includeInIndex = 0; path = Sudoku; sourceTree = BUILT_PRODUCTS_DIR; };
		4F5AA1D51696E82200DC0F1C /* main.cpp */ = {isa = PBXFileReference; lastKnownFileType = sourcecode.cpp.cpp; path = main.cpp; sourceTree = "<group>"; };
		4F5AA1D71696E82200DC0F1C /* Sudoku.1 */ = {isa = PBXFileReference; lastKnownFileType = text.man; path = Sudoku.1; sourceTree = "<group>"; };
		4F5AA1DE1696E96E00DC0F1C /* Cell.h */ = {isa = PBXFileReference; fileEncoding = 4; lastKnownFileType = sourcecode.c.h; path = Cell.h; sourceTree = "<group>"; };
		4F5AA1DF1696E9DB00DC0F1C /* Cell.cpp */ = {isa = PBXFileReference; fileEncoding = 4; lastKnownFileType = sourcecode.cpp.cpp; path = Cell.cpp; sourceTree = "<group>"; };
		4F5AA1E11696ED8500DC0F1C /* Region.h */ = {isa = PBXFileReference; fileEncoding = 4; lastKnownFileType = sourcecode.c.h; path = Region.h; sourceTree = "<group>"; };
		4F5AA1E2169733CB00DC0F1C /* Region.cpp */ = {isa = PBXFileReference; fileEncoding = 4; lastKnownFileType = sourcecode.cpp.cpp; path = Region.cpp; sourceTree = "<group>"; };
		4F7ECB7016A58C880009A0EC /* IVisitor.h */ = {isa = PBXFileReference; fileEncoding = 4; lastKnownFileType = sourcecode.c.h; path = IVisitor.h; sourceTree = "<group>"; };
		4F7ECB7216A58F510009A0EC /* OnlyOneChoiceInRowVisitor.h */ = {isa = PBXFileReference; fileEncoding = 4; lastKnownFileType = sourcecode.c.h; path = OnlyOneChoiceInRowVisitor.h; sourceTree = "<group>"; };
		4F7ECB7316A5907F0009A0EC /* OnlyOneChoiceInRowVisitor.cpp */ = {isa = PBXFileReference; fileEncoding = 4; lastKnownFileType = sourcecode.cpp.cpp; path = OnlyOneChoiceInRowVisitor.cpp; sourceTree = "<group>"; };
/* End PBXFileReference section */

/* Begin PBXFrameworksBuildPhase section */
		4F5AA1CE1696E82200DC0F1C /* Frameworks */ = {
			isa = PBXFrameworksBuildPhase;
			buildActionMask = 2147483647;
			files = (
			);
			runOnlyForDeploymentPostprocessing = 0;
		};
/* End PBXFrameworksBuildPhase section */

/* Begin PBXGroup section */
		4F5AA1C61696E82200DC0F1C = {
			isa = PBXGroup;
			children = (
				4F5AA1D41696E82200DC0F1C /* Sudoku */,
				4F5AA1D21696E82200DC0F1C /* Products */,
			);
			sourceTree = "<group>";
		};
		4F5AA1D21696E82200DC0F1C /* Products */ = {
			isa = PBXGroup;
			children = (
				4F5AA1D11696E82200DC0F1C /* Sudoku */,
			);
			name = Products;
			sourceTree = "<group>";
		};
		4F5AA1D41696E82200DC0F1C /* Sudoku */ = {
			isa = PBXGroup;
			children = (
				4F5AA1DE1696E96E00DC0F1C /* Cell.h */,
				4F5AA1DF1696E9DB00DC0F1C /* Cell.cpp */,
				4F011D6416983E8800A92D97 /* TripleHolder.h */,
				4F011D6516983FB000A92D97 /* TripleHolder.cpp */,
				4F011D6716985A3D00A92D97 /* RowHolder.h */,
				4F011D6816985AA400A92D97 /* RowHolder.cpp */,
				4F011D6A16985B1B00A92D97 /* ColumnHolder.h */,
				4F011D6B16985BA200A92D97 /* ColumnHolder.cpp */,
				4F011D6E16985EFB00A92D97 /* RegionHolder.cpp */,
				4F011D6D16985E7300A92D97 /* RegionHolder.h */,
				4F5AA1E11696ED8500DC0F1C /* Region.h */,
				4F5AA1E2169733CB00DC0F1C /* Region.cpp */,
				4F1625A1169F52B500776803 /* LastCellFinder.h */,
				4F1625A3169F532C00776803 /* LastCellFinder.cpp */,
				4F011D60169839E200A92D97 /* Grid.h */,
				4F011D6216983A9D00A92D97 /* Grid.cpp */,
				4F7ECB7216A58F510009A0EC /* OnlyOneChoiceInRowVisitor.h */,
				4F7ECB7316A5907F0009A0EC /* OnlyOneChoiceInRowVisitor.cpp */,
				4F32454C16AF01AF001BDA23 /* OnlyOneChoiceInColumnVisitor.h */,
				4F32454E16AF0259001BDA23 /* OnlyOneChoiceInColumnVisitor.cpp */,
				4F7ECB7016A58C880009A0EC /* IVisitor.h */,
				4F5AA1D51696E82200DC0F1C /* main.cpp */,
				4F5AA1D71696E82200DC0F1C /* Sudoku.1 */,
			);
			path = Sudoku;
			sourceTree = "<group>";
		};
/* End PBXGroup section */

/* Begin PBXNativeTarget section */
		4F5AA1D01696E82200DC0F1C /* Sudoku */ = {
			isa = PBXNativeTarget;
			buildConfigurationList = 4F5AA1DB1696E82200DC0F1C /* Build configuration list for PBXNativeTarget "Sudoku" */;
			buildPhases = (
				4F5AA1CD1696E82200DC0F1C /* Sources */,
				4F5AA1CE1696E82200DC0F1C /* Frameworks */,
				4F5AA1CF1696E82200DC0F1C /* CopyFiles */,
			);
			buildRules = (
			);
			dependencies = (
			);
			name = Sudoku;
			productName = Sudoku;
			productReference = 4F5AA1D11696E82200DC0F1C /* Sudoku */;
			productType = "com.apple.product-type.tool";
		};
/* End PBXNativeTarget section */

/* Begin PBXProject section */
		4F5AA1C81696E82200DC0F1C /* Project object */ = {
			isa = PBXProject;
			attributes = {
				LastUpgradeCheck = 0420;
			};
			buildConfigurationList = 4F5AA1CB1696E82200DC0F1C /* Build configuration list for PBXProject "Sudoku" */;
			compatibilityVersion = "Xcode 3.2";
			developmentRegion = English;
			hasScannedForEncodings = 0;
			knownRegions = (
				en,
			);
			mainGroup = 4F5AA1C61696E82200DC0F1C;
			productRefGroup = 4F5AA1D21696E82200DC0F1C /* Products */;
			projectDirPath = "";
			projectRoot = "";
			targets = (
				4F5AA1D01696E82200DC0F1C /* Sudoku */,
			);
		};
/* End PBXProject section */

/* Begin PBXSourcesBuildPhase section */
		4F5AA1CD1696E82200DC0F1C /* Sources */ = {
			isa = PBXSourcesBuildPhase;
			buildActionMask = 2147483647;
			files = (
				4F5AA1D61696E82200DC0F1C /* main.cpp in Sources */,
				4F5AA1E01696E9DB00DC0F1C /* Cell.cpp in Sources */,
				4F5AA1E3169733CB00DC0F1C /* Region.cpp in Sources */,
				4F011D6316983A9D00A92D97 /* Grid.cpp in Sources */,
				4F011D6616983FB000A92D97 /* TripleHolder.cpp in Sources */,
				4F011D6916985AA400A92D97 /* RowHolder.cpp in Sources */,
				4F011D6C16985BA200A92D97 /* ColumnHolder.cpp in Sources */,
				4F011D6F16985EFB00A92D97 /* RegionHolder.cpp in Sources */,
				4F1625A4169F532C00776803 /* LastCellFinder.cpp in Sources */,
				4F7ECB7416A5907F0009A0EC /* OnlyOneChoiceInRowVisitor.cpp in Sources */,
				4F32454F16AF0259001BDA23 /* OnlyOneChoiceInColumnVisitor.cpp in Sources */,
			);
			runOnlyForDeploymentPostprocessing = 0;
		};
/* End PBXSourcesBuildPhase section */

/* Begin XCBuildConfiguration section */
		4F5AA1D91696E82200DC0F1C /* Debug */ = {
			isa = XCBuildConfiguration;
			buildSettings = {
				ALWAYS_SEARCH_USER_PATHS = NO;
				ARCHS = "$(ARCHS_STANDARD_64_BIT)";
				CLANG_ENABLE_OBJC_ARC = YES;
				COPY_PHASE_STRIP = NO;
				GCC_C_LANGUAGE_STANDARD = gnu99;
				GCC_DYNAMIC_NO_PIC = NO;
				GCC_ENABLE_OBJC_EXCEPTIONS = YES;
				GCC_OPTIMIZATION_LEVEL = 0;
				GCC_PREPROCESSOR_DEFINITIONS = (
					"DEBUG=1",
					"$(inherited)",
				);
				GCC_SYMBOLS_PRIVATE_EXTERN = NO;
				GCC_VERSION = com.apple.compilers.llvm.clang.1_0;
				GCC_WARN_64_TO_32_BIT_CONVERSION = YES;
				GCC_WARN_ABOUT_MISSING_PROTOTYPES = YES;
				GCC_WARN_ABOUT_RETURN_TYPE = YES;
				GCC_WARN_UNUSED_VARIABLE = YES;
				MACOSX_DEPLOYMENT_TARGET = 10.7;
				ONLY_ACTIVE_ARCH = YES;
				SDKROOT = macosx;
			};
			name = Debug;
		};
		4F5AA1DA1696E82200DC0F1C /* Release */ = {
			isa = XCBuildConfiguration;
			buildSettings = {
				ALWAYS_SEARCH_USER_PATHS = NO;
				ARCHS = "$(ARCHS_STANDARD_64_BIT)";
				CLANG_ENABLE_OBJC_ARC = YES;
				COPY_PHASE_STRIP = YES;
				DEBUG_INFORMATION_FORMAT = "dwarf-with-dsym";
				GCC_C_LANGUAGE_STANDARD = gnu99;
				GCC_ENABLE_OBJC_EXCEPTIONS = YES;
				GCC_VERSION = com.apple.compilers.llvm.clang.1_0;
				GCC_WARN_64_TO_32_BIT_CONVERSION = YES;
				GCC_WARN_ABOUT_MISSING_PROTOTYPES = YES;
				GCC_WARN_ABOUT_RETURN_TYPE = YES;
				GCC_WARN_UNUSED_VARIABLE = YES;
				MACOSX_DEPLOYMENT_TARGET = 10.7;
				SDKROOT = macosx;
			};
			name = Release;
		};
		4F5AA1DC1696E82200DC0F1C /* Debug */ = {
			isa = XCBuildConfiguration;
			buildSettings = {
				PRODUCT_NAME = "$(TARGET_NAME)";
			};
			name = Debug;
		};
		4F5AA1DD1696E82200DC0F1C /* Release */ = {
			isa = XCBuildConfiguration;
			buildSettings = {
				PRODUCT_NAME = "$(TARGET_NAME)";
			};
			name = Release;
		};
/* End XCBuildConfiguration section */

/* Begin XCConfigurationList section */
		4F5AA1CB1696E82200DC0F1C /* Build configuration list for PBXProject "Sudoku" */ = {
			isa = XCConfigurationList;
			buildConfigurations = (
				4F5AA1D91696E82200DC0F1C /* Debug */,
				4F5AA1DA1696E82200DC0F1C /* Release */,
			);
			defaultConfigurationIsVisible = 0;
			defaultConfigurationName = Release;
		};
		4F5AA1DB1696E82200DC0F1C /* Build configuration list for PBXNativeTarget "Sudoku" */ = {
			isa = XCConfigurationList;
			buildConfigurations = (
				4F5AA1DC1696E82200DC0F1C /* Debug */,
				4F5AA1DD1696E82200DC0F1C /* Release */,
			);
			defaultConfigurationIsVisible = 0;
			defaultConfigurationName = Release;
		};
/* End XCConfigurationList section */
	};
	rootObject = 4F5AA1C81696E82200DC0F1C /* Project object */;
}
